{
  "version": 4,
  "terraform_version": "1.15.1",
  "serial": 22,
  "lineage": "fefdb53a-79af-7a05-23a4-9c8cfc128fec",
  "outputs": {
    "alb_dns_name": {
      "value": "atm-command-alb-56594102.us-east-1.elb.amazonaws.com",
      "type": "string"
    },
    "app_url": {
      "value": "https://atm.ciiatm.com",
      "type": "string"
    },
    "database_url": {
      "value": "postgresql://rishmawia1:6128AmR!@atm-command-db.c87w6k66im0c.us-east-1.rds.amazonaws.com:5432/atm_command",
      "type": "string",
      "sensitive": true
    },
    "ec2_public_ip": {
      "value": "52.91.190.223",
      "type": "string"
    },
    "rds_endpoint": {
      "value": "atm-command-db.c87w6k66im0c.us-east-1.rds.amazonaws.com:5432",
      "type": "string"
    },
    "setup_log": {
      "value": "ssh into the instance and run: sudo tail -f /var/log/atm-command-setup.log",
      "type": "string"
    },
    "ssh_command": {
      "value": "ssh -i ~/.ssh/replit.pem ubuntu@52.91.190.223",
      "type": "string"
    }
  },
  "resources": [
    {
      "mode": "data",
      "type": "aws_ami",
      "name": "ubuntu",
      "provider": "provider[\"registry.terraform.io/hashicorp/aws\"]",
      "instances": [
        {
          "schema_version": 0,
          "attributes": {
            "architecture": "x86_64",
            "arn": "arn:aws:ec2:us-east-1::image/ami-00403f401ee6a4b98",
            "block_device_mappings": [
              {
                "device_name": "/dev/sda1",
                "ebs": {
                  "delete_on_termination": "true",
                  "encrypted": "false",
                  "iops": "0",
                  "snapshot_id": "snap-05f163ab216d3dcd0",
                  "throughput": "0",
                  "volume_initialization_rate": "0",
                  "volume_size": "8",
                  "volume_type": "gp2"
                },
                "no_device": "",
                "virtual_name": ""
              },
              {
                "device_name": "/dev/sdb",
                "ebs": {},
                "no_device": "",
                "virtual_name": "ephemeral0"
              },
              {
                "device_name": "/dev/sdc",
                "ebs": {},
                "no_device": "",
                "virtual_name": "ephemeral1"
              }
            ],
            "boot_mode": "uefi-preferred",
            "creation_date": "2026-05-03T06:54:18.000Z",
            "deprecation_time": "2028-05-03T06:54:18.000Z",
            "description": "Canonical, Ubuntu, 22.04, amd64 jammy image",
            "ena_support": true,
            "executable_users": null,
            "filter": [
              {
                "name": "name",
                "values": [
                  "ubuntu/images/hvm-ssd/ubuntu-jammy-22.04-amd64-server-*"
                ]
              },
              {
                "name": "virtualization-type",
                "values": [
                  "hvm"
                ]
              }
            ],
            "hypervisor": "xen",
            "id": "ami-00403f401ee6a4b98",
            "image_id": "ami-00403f401ee6a4b98",
            "image_location": "amazon/ubuntu/images/hvm-ssd/ubuntu-jammy-22.04-amd64-server-20260503",
            "image_owner_alias": "amazon",
            "image_type": "machine",
            "imds_support": "",
            "include_deprecated": false,
            "kernel_id": "",
            "last_launched_time": "",
            "most_recent": true,
            "name": "ubuntu/images/hvm-ssd/ubuntu-jammy-22.04-amd64-server-20260503",
            "name_regex": null,
            "owner_id": "099720109477",
            "owners": [
              "099720109477"
            ],
            "platform": "",
            "platform_details": "Linux/UNIX",
            "product_codes": [],
            "public": true,
            "ramdisk_id": "",
            "root_device_name": "/dev/sda1",
            "root_device_type": "ebs",
            "root_snapshot_id": "snap-05f163ab216d3dcd0",
            "sriov_net_support": "simple",
            "state": "available",
            "state_reason": {
              "code": "UNSET",
              "message": "UNSET"
            },
            "tags": {},
            "timeouts": null,
            "tpm_support": "",
            "uefi_data": null,
            "usage_operation": "RunInstances",
            "virtualization_type": "hvm"
          },
          "sensitive_attributes": [],
          "identity_schema_version": 0
        }
      ]
    },
    {
      "mode": "data",
      "type": "aws_subnets",
      "name": "default",
      "provider": "provider[\"registry.terraform.io/hashicorp/aws\"]",
      "instances": [
        {
          "schema_version": 0,
          "attributes": {
            "filter": [
              {
                "name": "vpc-id",
                "values": [
                  "vpc-0d9323c3030600f94"
                ]
              }
            ],
            "id": "us-east-1",
            "ids": [
              "subnet-0d6a7c3ed38d3ccc2",
              "subnet-03a1c7cf8c23a62d0",
              "subnet-0a3ef17de5a7c8d2c",
              "subnet-02fa04b04594850d3",
              "subnet-051d703835ef3060a",
              "subnet-08537c5ea6688077e"
            ],
            "tags": null,
            "timeouts": null
          },
          "sensitive_attributes": [],
          "identity_schema_version": 0
        }
      ]
    },
    {
      "mode": "data",
      "type": "aws_vpc",
      "name": "default",
      "provider": "provider[\"registry.terraform.io/hashicorp/aws\"]",
      "instances": [
        {
          "schema_version": 0,
          "attributes": {
            "arn": "arn:aws:ec2:us-east-1:660999303853:vpc/vpc-0d9323c3030600f94",
            "cidr_block": "172.31.0.0/16",
            "cidr_block_associations": [
              {
                "association_id": "vpc-cidr-assoc-0c26975872c369474",
                "cidr_block": "172.31.0.0/16",
                "state": "associated"
              }
            ],
            "default": true,
            "dhcp_options_id": "dopt-0068734fa131cfe46",
            "enable_dns_hostnames": true,
            "enable_dns_support": true,
            "enable_network_address_usage_metrics": false,
            "filter": null,
            "id": "vpc-0d9323c3030600f94",
            "instance_tenancy": "default",
            "ipv6_association_id": "",
            "ipv6_cidr_block": "",
            "main_route_table_id": "rtb-01b08a41f0c48250c",
            "owner_id": "660999303853",
            "state": null,
            "tags": {},
            "timeouts": null
          },
          "sensitive_attributes": [],
          "identity_schema_version": 0
        }
      ]
    },
    {
      "mode": "managed",
      "type": "aws_acm_certificate",
      "name": "app",
      "provider": "provider[\"registry.terraform.io/hashicorp/aws\"]",
      "instances": [
        {
          "schema_version": 0,
          "attributes": {
            "arn": "arn:aws:acm:us-east-1:660999303853:certificate/cd8a1208-73ee-47a2-8ba1-55fc70e3669a",
            "certificate_authority_arn": "",
            "certificate_body": null,
            "certificate_chain": null,
            "domain_name": "atm.ciiatm.com",
            "domain_validation_options": [
              {
                "domain_name": "atm.ciiatm.com",
                "resource_record_name": "_46b92a79195b5adfc0ad6b82b9907c31.atm.ciiatm.com.",
                "resource_record_type": "CNAME",
                "resource_record_value": "_0b25c43c28c1257f212bb35eeb44a9a1.jkddzztszm.acm-validations.aws."
              }
            ],
            "early_renewal_duration": "",
            "id": "arn:aws:acm:us-east-1:660999303853:certificate/cd8a1208-73ee-47a2-8ba1-55fc70e3669a",
            "key_algorithm": "RSA_2048",
            "not_after": "2026-11-18T23:59:59Z",
            "not_before": "2026-05-05T00:00:00Z",
            "options": [
              {
                "certificate_transparency_logging_preference": "ENABLED"
              }
            ],
            "pending_renewal": false,
            "private_key": null,
            "renewal_eligibility": "ELIGIBLE",
            "renewal_summary": [],
            "status": "ISSUED",
            "subject_alternative_names": [
              "atm.ciiatm.com"
            ],
            "tags": {
              "Name": "atm-command-cert"
            },
            "tags_all": {
              "Name": "atm-command-cert"
            },
            "type": "AMAZON_ISSUED",
            "validation_emails": [],
            "validation_method": "DNS",
            "validation_option": []
          },
          "sensitive_attributes": [
            [
              {
                "type": "get_attr",
                "value": "private_key"
              }
            ]
          ],
          "identity_schema_version": 0,
          "private": "bnVsbA==",
          "create_before_destroy": true
        }
      ]
    },
    {
      "mode": "managed",
      "type": "aws_acm_certificate_validation",
      "name": "app",
      "provider": "provider[\"registry.terraform.io/hashicorp/aws\"]",
      "instances": [
        {
          "schema_version": 0,
          "attributes": {
            "certificate_arn": "arn:aws:acm:us-east-1:660999303853:certificate/cd8a1208-73ee-47a2-8ba1-55fc70e3669a",
            "id": "2026-05-05 17:04:00.708 +0000 UTC",
            "timeouts": null,
            "validation_record_fqdns": [
              "_46b92a79195b5adfc0ad6b82b9907c31.atm.ciiatm.com"
            ]
          },
          "sensitive_attributes": [],
          "identity_schema_version": 0,
          "private": "eyJlMmJmYjczMC1lY2FhLTExZTYtOGY4OC0zNDM2M2JjN2M0YzAiOnsiY3JlYXRlIjo0NTAwMDAwMDAwMDAwfX0=",
          "dependencies": [
            "aws_acm_certificate.app",
            "aws_route53_record.cert_validation"
          ]
        }
      ]
    },
    {
      "mode": "managed",
      "type": "aws_db_instance",
      "name": "postgres",
      "provider": "provider[\"registry.terraform.io/hashicorp/aws\"]",
      "instances": [
        {
          "schema_version": 2,
          "attributes": {
            "address": "atm-command-db.c87w6k66im0c.us-east-1.rds.amazonaws.com",
            "allocated_storage": 20,
            "allow_major_version_upgrade": null,
            "apply_immediately": false,
            "arn": "arn:aws:rds:us-east-1:660999303853:db:atm-command-db",
            "auto_minor_version_upgrade": true,
            "availability_zone": "us-east-1a",
            "backup_retention_period": 0,
            "backup_target": "region",
            "backup_window": "05:39-06:09",
            "blue_green_update": [],
            "ca_cert_identifier": "rds-ca-rsa2048-g1",
            "character_set_name": "",
            "copy_tags_to_snapshot": false,
            "custom_iam_instance_profile": "",
            "customer_owned_ip_enabled": false,
            "database_insights_mode": "standard",
            "db_name": "atm_command",
            "db_subnet_group_name": "atm-command-db-subnet-group",
            "dedicated_log_volume": false,
            "delete_automated_backups": true,
            "deletion_protection": false,
            "domain": "",
            "domain_auth_secret_arn": "",
            "domain_dns_ips": null,
            "domain_fqdn": "",
            "domain_iam_role_name": "",
            "domain_ou": "",
            "enabled_cloudwatch_logs_exports": null,
            "endpoint": "atm-command-db.c87w6k66im0c.us-east-1.rds.amazonaws.com:5432",
            "engine": "postgres",
            "engine_lifecycle_support": "open-source-rds-extended-support",
            "engine_version": "16",
            "engine_version_actual": "16.13",
            "final_snapshot_identifier": null,
            "hosted_zone_id": "Z2R2ITUGPM61AM",
            "iam_database_authentication_enabled": false,
            "id": "db-NTFS2H5TVYYCLMBLFWNV4S5YMA",
            "identifier": "atm-command-db",
            "identifier_prefix": "",
            "instance_class": "db.t3.micro",
            "iops": 3000,
            "kms_key_id": "",
            "latest_restorable_time": "",
            "license_model": "postgresql-license",
            "listener_endpoint": [],
            "maintenance_window": "mon:08:04-mon:08:34",
            "manage_master_user_password": null,
            "master_user_secret": [],
            "master_user_secret_kms_key_id": null,
            "max_allocated_storage": 0,
            "monitoring_interval": 0,
            "monitoring_role_arn": "",
            "multi_az": false,
            "nchar_character_set_name": "",
            "network_type": "IPV4",
            "option_group_name": "default:postgres-16",
            "parameter_group_name": "default.postgres16",
            "password": "6128AmR!",
            "password_wo": null,
            "password_wo_version": null,
            "performance_insights_enabled": false,
            "performance_insights_kms_key_id": "",
            "performance_insights_retention_period": 0,
            "port": 5432,
            "publicly_accessible": false,
            "replica_mode": "",
            "replicas": [],
            "replicate_source_db": "",
            "resource_id": "db-NTFS2H5TVYYCLMBLFWNV4S5YMA",
            "restore_to_point_in_time": [],
            "s3_import": [],
            "skip_final_snapshot": true,
            "snapshot_identifier": null,
            "status": "available",
            "storage_encrypted": false,
            "storage_throughput": 125,
            "storage_type": "gp3",
            "tags": {
              "Name": "atm-command-db"
            },
            "tags_all": {
              "Name": "atm-command-db"
            },
            "timeouts": null,
            "timezone": "",
            "upgrade_storage_config": null,
            "username": "rishmawia1",
            "vpc_security_group_ids": [
              "sg-069d7c1d2d2ec1820"
            ]
          },
          "sensitive_attributes": [
            [
              {
                "type": "get_attr",
                "value": "password"
              }
            ],
            [
              {
                "type": "get_attr",
                "value": "password_wo"
              }
            ]
          ],
          "identity_schema_version": 0,
          "private": "eyJlMmJmYjczMC1lY2FhLTExZTYtOGY4OC0zNDM2M2JjN2M0YzAiOnsiY3JlYXRlIjozMDAwMDAwMDAwMDAwLCJkZWxldGUiOjM2MDAwMDAwMDAwMDAsInVwZGF0ZSI6NDgwMDAwMDAwMDAwMH0sInNjaGVtYV92ZXJzaW9uIjoiMiJ9",
          "dependencies": [
            "aws_db_subnet_group.postgres",
            "aws_security_group.alb",
            "aws_security_group.app",
            "aws_security_group.rds",
            "data.aws_subnets.default",
            "data.aws_vpc.default"
          ]
        }
      ]
    },
    {
      "mode": "managed",
      "type": "aws_db_subnet_group",
      "name": "postgres",
      "provider": "provider[\"registry.terraform.io/hashicorp/aws\"]",
      "instances": [
        {
          "schema_version": 0,
          "attributes": {
            "arn": "arn:aws:rds:us-east-1:660999303853:subgrp:atm-command-db-subnet-group",
            "description": "Managed by Terraform",
            "id": "atm-command-db-subnet-group",
            "name": "atm-command-db-subnet-group",
            "name_prefix": "",
            "subnet_ids": [
              "subnet-02fa04b04594850d3",
              "subnet-03a1c7cf8c23a62d0",
              "subnet-051d703835ef3060a",
              "subnet-08537c5ea6688077e",
              "subnet-0a3ef17de5a7c8d2c",
              "subnet-0d6a7c3ed38d3ccc2"
            ],
            "supported_network_types": [
              "IPV4"
            ],
            "tags": {
              "Name": "atm-command-db-subnet-group"
            },
            "tags_all": {
              "Name": "atm-command-db-subnet-group"
            },
            "vpc_id": "vpc-0d9323c3030600f94"
          },
          "sensitive_attributes": [],
          "identity_schema_version": 0,
          "private": "bnVsbA==",
          "dependencies": [
            "data.aws_subnets.default",
            "data.aws_vpc.default"
          ]
        }
      ]
    },
    {
      "mode": "managed",
      "type": "aws_instance",
      "name": "app",
      "provider": "provider[\"registry.terraform.io/hashicorp/aws\"]",
      "instances": [
        {
          "schema_version": 1,
          "attributes": {
            "ami": "ami-00403f401ee6a4b98",
            "arn": "arn:aws:ec2:us-east-1:660999303853:instance/i-014f282223c5e7451",
            "associate_public_ip_address": true,
            "availability_zone": "us-east-1b",
            "capacity_reservation_specification": [
              {
                "capacity_reservation_preference": "open",
                "capacity_reservation_target": []
              }
            ],
            "cpu_core_count": 1,
            "cpu_options": [
              {
                "amd_sev_snp": "",
                "core_count": 1,
                "threads_per_core": 2
              }
            ],
            "cpu_threads_per_core": 2,
            "credit_specification": [
              {
                "cpu_credits": "unlimited"
              }
            ],
            "disable_api_stop": false,
            "disable_api_termination": false,
            "ebs_block_device": [],
            "ebs_optimized": false,
            "enable_primary_ipv6": null,
            "enclave_options": [
              {
                "enabled": false
              }
            ],
            "ephemeral_block_device": [],
            "get_password_data": false,
            "hibernation": false,
            "host_id": "",
            "host_resource_group_arn": null,
            "iam_instance_profile": "",
            "id": "i-014f282223c5e7451",
            "instance_initiated_shutdown_behavior": "stop",
            "instance_lifecycle": "",
            "instance_market_options": [],
            "instance_state": "running",
            "instance_type": "t3.small",
            "ipv6_address_count": 0,
            "ipv6_addresses": [],
            "key_name": "replit",
            "launch_template": [],
            "maintenance_options": [
              {
                "auto_recovery": "default"
              }
            ],
            "metadata_options": [
              {
                "http_endpoint": "enabled",
                "http_protocol_ipv6": "disabled",
                "http_put_response_hop_limit": 1,
                "http_tokens": "optional",
                "instance_metadata_tags": "disabled"
              }
            ],
            "monitoring": false,
            "network_interface": [],
            "outpost_arn": "",
            "password_data": "",
            "placement_group": "",
            "placement_partition_number": 0,
            "primary_network_interface_id": "eni-0e8f1f9d1da093410",
            "private_dns": "ip-172-31-90-185.ec2.internal",
            "private_dns_name_options": [
              {
                "enable_resource_name_dns_a_record": false,
                "enable_resource_name_dns_aaaa_record": false,
                "hostname_type": "ip-name"
              }
            ],
            "private_ip": "172.31.90.185",
            "public_dns": "ec2-52-91-190-223.compute-1.amazonaws.com",
            "public_ip": "52.91.190.223",
            "root_block_device": [
              {
                "delete_on_termination": true,
                "device_name": "/dev/sda1",
                "encrypted": false,
                "iops": 3000,
                "kms_key_id": "",
                "tags": null,
                "tags_all": {},
                "throughput": 125,
                "volume_id": "vol-0c032c072197fe603",
                "volume_size": 20,
                "volume_type": "gp3"
              }
            ],
            "secondary_private_ips": [],
            "security_groups": [
              "atm-command-app-sg"
            ],
            "source_dest_check": true,
            "spot_instance_request_id": "",
            "subnet_id": "subnet-0d6a7c3ed38d3ccc2",
            "tags": {
              "Name": "atm-command-server"
            },
            "tags_all": {
              "Name": "atm-command-server"
            },
            "tenancy": "default",
            "timeouts": null,
            "user_data": "55f6b3087cd745a7f551027139e304a53db64f55",
            "user_data_base64": null,
            "user_data_replace_on_change": false,
            "volume_tags": null,
            "vpc_security_group_ids": [
              "sg-0911a5f16163299fc"
            ]
          },
          "sensitive_attributes": [
            [
              {
                "type": "get_attr",
                "value": "user_data"
              }
            ]
          ],
          "identity_schema_version": 0,
          "private": "eyJlMmJmYjczMC1lY2FhLTExZTYtOGY4OC0zNDM2M2JjN2M0YzAiOnsiY3JlYXRlIjo2MDAwMDAwMDAwMDAsImRlbGV0ZSI6MTIwMDAwMDAwMDAwMCwicmVhZCI6OTAwMDAwMDAwMDAwLCJ1cGRhdGUiOjYwMDAwMDAwMDAwMH0sInNjaGVtYV92ZXJzaW9uIjoiMSJ9",
          "dependencies": [
            "aws_db_instance.postgres",
            "aws_db_subnet_group.postgres",
            "aws_security_group.alb",
            "aws_security_group.app",
            "aws_security_group.rds",
            "data.aws_ami.ubuntu",
            "data.aws_subnets.default",
            "data.aws_vpc.default"
          ]
        }
      ]
    },
    {
      "mode": "managed",
      "type": "aws_lb",
      "name": "app",
      "provider": "provider[\"registry.terraform.io/hashicorp/aws\"]",
      "instances": [
        {
          "schema_version": 0,
          "attributes": {
            "access_logs": [
              {
                "bucket": "",
                "enabled": false,
                "prefix": ""
              }
            ],
            "arn": "arn:aws:elasticloadbalancing:us-east-1:660999303853:loadbalancer/app/atm-command-alb/29ec9c2d23b25cc6",
            "arn_suffix": "app/atm-command-alb/29ec9c2d23b25cc6",
            "client_keep_alive": 3600,
            "connection_logs": [
              {
                "bucket": "",
                "enabled": false,
                "prefix": ""
              }
            ],
            "customer_owned_ipv4_pool": "",
            "desync_mitigation_mode": "defensive",
            "dns_name": "atm-command-alb-56594102.us-east-1.elb.amazonaws.com",
            "dns_record_client_routing_policy": null,
            "drop_invalid_header_fields": false,
            "enable_cross_zone_load_balancing": true,
            "enable_deletion_protection": false,
            "enable_http2": true,
            "enable_tls_version_and_cipher_suite_headers": false,
            "enable_waf_fail_open": false,
            "enable_xff_client_port": false,
            "enable_zonal_shift": false,
            "enforce_security_group_inbound_rules_on_private_link_traffic": "",
            "id": "arn:aws:elasticloadbalancing:us-east-1:660999303853:loadbalancer/app/atm-command-alb/29ec9c2d23b25cc6",
            "idle_timeout": 60,
            "internal": false,
            "ip_address_type": "ipv4",
            "ipam_pools": [],
            "load_balancer_type": "application",
            "minimum_load_balancer_capacity": [],
            "name": "atm-command-alb",
            "name_prefix": "",
            "preserve_host_header": false,
            "security_groups": [
              "sg-0a2b07e9cf726a906"
            ],
            "subnet_mapping": [
              {
                "allocation_id": "",
                "ipv6_address": "",
                "outpost_id": "",
                "private_ipv4_address": "",
                "subnet_id": "subnet-02fa04b04594850d3"
              },
              {
                "allocation_id": "",
                "ipv6_address": "",
                "outpost_id": "",
                "private_ipv4_address": "",
                "subnet_id": "subnet-03a1c7cf8c23a62d0"
              },
              {
                "allocation_id": "",
                "ipv6_address": "",
                "outpost_id": "",
                "private_ipv4_address": "",
                "subnet_id": "subnet-051d703835ef3060a"
              },
              {
                "allocation_id": "",
                "ipv6_address": "",
                "outpost_id": "",
                "private_ipv4_address": "",
                "subnet_id": "subnet-08537c5ea6688077e"
              },
              {
                "allocation_id": "",
                "ipv6_address": "",
                "outpost_id": "",
                "private_ipv4_address": "",
                "subnet_id": "subnet-0a3ef17de5a7c8d2c"
              },
              {
                "allocation_id": "",
                "ipv6_address": "",
                "outpost_id": "",
                "private_ipv4_address": "",
                "subnet_id": "subnet-0d6a7c3ed38d3ccc2"
              }
            ],
            "subnets": [
              "subnet-02fa04b04594850d3",
              "subnet-03a1c7cf8c23a62d0",
              "subnet-051d703835ef3060a",
              "subnet-08537c5ea6688077e",
              "subnet-0a3ef17de5a7c8d2c",
              "subnet-0d6a7c3ed38d3ccc2"
            ],
            "tags": {
              "Name": "atm-command-alb"
            },
            "tags_all": {
              "Name": "atm-command-alb"
            },
            "timeouts": null,
            "vpc_id": "vpc-0d9323c3030600f94",
            "xff_header_processing_mode": "append",
            "zone_id": "Z35SXDOTRQ7X7K"
          },
          "sensitive_attributes": [],
          "identity_schema_version": 0,
          "private": "eyJlMmJmYjczMC1lY2FhLTExZTYtOGY4OC0zNDM2M2JjN2M0YzAiOnsiY3JlYXRlIjo2MDAwMDAwMDAwMDAsImRlbGV0ZSI6NjAwMDAwMDAwMDAwLCJ1cGRhdGUiOjYwMDAwMDAwMDAwMH19",
          "dependencies": [
            "aws_security_group.alb",
            "data.aws_subnets.default",
            "data.aws_vpc.default"
          ]
        }
      ]
    },
    {
      "mode": "managed",
      "type": "aws_lb_listener",
      "name": "http",
      "provider": "provider[\"registry.terraform.io/hashicorp/aws\"]",
      "instances": [
        {
          "schema_version": 0,
          "attributes": {
            "alpn_policy": null,
            "arn": "arn:aws:elasticloadbalancing:us-east-1:660999303853:listener/app/atm-command-alb/29ec9c2d23b25cc6/4a0bdeb4631a6b34",
            "certificate_arn": null,
            "default_action": [
              {
                "authenticate_cognito": [],
                "authenticate_oidc": [],
                "fixed_response": [],
                "forward": [],
                "order": 1,
                "redirect": [
                  {
                    "host": "#{host}",
                    "path": "/#{path}",
                    "port": "443",
                    "protocol": "HTTPS",
                    "query": "#{query}",
                    "status_code": "HTTP_301"
                  }
                ],
                "target_group_arn": "",
                "type": "redirect"
              }
            ],
            "id": "arn:aws:elasticloadbalancing:us-east-1:660999303853:listener/app/atm-command-alb/29ec9c2d23b25cc6/4a0bdeb4631a6b34",
            "load_balancer_arn": "arn:aws:elasticloadbalancing:us-east-1:660999303853:loadbalancer/app/atm-command-alb/29ec9c2d23b25cc6",
            "mutual_authentication": [],
            "port": 80,
            "protocol": "HTTP",
            "routing_http_request_x_amzn_mtls_clientcert_header_name": null,
            "routing_http_request_x_amzn_mtls_clientcert_issuer_header_name": null,
            "routing_http_request_x_amzn_mtls_clientcert_leaf_header_name": null,
            "routing_http_request_x_amzn_mtls_clientcert_serial_number_header_name": null,
            "routing_http_request_x_amzn_mtls_clientcert_subject_header_name": null,
            "routing_http_request_x_amzn_mtls_clientcert_validity_header_name": null,
            "routing_http_request_x_amzn_tls_cipher_suite_header_name": null,
            "routing_http_request_x_amzn_tls_version_header_name": null,
            "routing_http_response_access_control_allow_credentials_header_value": "",
            "routing_http_response_access_control_allow_headers_header_value": "",
            "routing_http_response_access_control_allow_methods_header_value": "",
            "routing_http_response_access_control_allow_origin_header_value": "",
            "routing_http_response_access_control_expose_headers_header_value": "",
            "routing_http_response_access_control_max_age_header_value": "",
            "routing_http_response_content_security_policy_header_value": "",
            "routing_http_response_server_enabled": true,
            "routing_http_response_strict_transport_security_header_value": "",
            "routing_http_response_x_content_type_options_header_value": "",
            "routing_http_response_x_frame_options_header_value": "",
            "ssl_policy": "",
            "tags": {},
            "tags_all": {},
            "tcp_idle_timeout_seconds": null,
            "timeouts": null
          },
          "sensitive_attributes": [],
          "identity_schema_version": 0,
          "private": "eyJlMmJmYjczMC1lY2FhLTExZTYtOGY4OC0zNDM2M2JjN2M0YzAiOnsiY3JlYXRlIjozMDAwMDAwMDAwMDAsInVwZGF0ZSI6MzAwMDAwMDAwMDAwfX0=",
          "dependencies": [
            "aws_lb.app",
            "aws_security_group.alb",
            "data.aws_subnets.default",
            "data.aws_vpc.default"
          ]
        }
      ]
    },
    {
      "mode": "managed",
      "type": "aws_lb_listener",
      "name": "https",
      "provider": "provider[\"registry.terraform.io/hashicorp/aws\"]",
      "instances": [
        {
          "schema_version": 0,
          "attributes": {
            "alpn_policy": null,
            "arn": "arn:aws:elasticloadbalancing:us-east-1:660999303853:listener/app/atm-command-alb/29ec9c2d23b25cc6/981657fb688a5b0e",
            "certificate_arn": "arn:aws:acm:us-east-1:660999303853:certificate/cd8a1208-73ee-47a2-8ba1-55fc70e3669a",
            "default_action": [
              {
                "authenticate_cognito": [],
                "authenticate_oidc": [],
                "fixed_response": [],
                "forward": [],
                "order": 1,
                "redirect": [],
                "target_group_arn": "arn:aws:elasticloadbalancing:us-east-1:660999303853:targetgroup/atm-command-tg/89c4758e4dbb9688",
                "type": "forward"
              }
            ],
            "id": "arn:aws:elasticloadbalancing:us-east-1:660999303853:listener/app/atm-command-alb/29ec9c2d23b25cc6/981657fb688a5b0e",
            "load_balancer_arn": "arn:aws:elasticloadbalancing:us-east-1:660999303853:loadbalancer/app/atm-command-alb/29ec9c2d23b25cc6",
            "mutual_authentication": [
              {
                "advertise_trust_store_ca_names": "",
                "ignore_client_certificate_expiry": false,
                "mode": "off",
                "trust_store_arn": ""
              }
            ],
            "port": 443,
            "protocol": "HTTPS",
            "routing_http_request_x_amzn_mtls_clientcert_header_name": "",
            "routing_http_request_x_amzn_mtls_clientcert_issuer_header_name": "",
            "routing_http_request_x_amzn_mtls_clientcert_leaf_header_name": "",
            "routing_http_request_x_amzn_mtls_clientcert_serial_number_header_name": "",
            "routing_http_request_x_amzn_mtls_clientcert_subject_header_name": "",
            "routing_http_request_x_amzn_mtls_clientcert_validity_header_name": "",
            "routing_http_request_x_amzn_tls_cipher_suite_header_name": "",
            "routing_http_request_x_amzn_tls_version_header_name": "",
            "routing_http_response_access_control_allow_credentials_header_value": "",
            "routing_http_response_access_control_allow_headers_header_value": "",
            "routing_http_response_access_control_allow_methods_header_value": "",
            "routing_http_response_access_control_allow_origin_header_value": "",
            "routing_http_response_access_control_expose_headers_header_value": "",
            "routing_http_response_access_control_max_age_header_value": "",
            "routing_http_response_content_security_policy_header_value": "",
            "routing_http_response_server_enabled": true,
            "routing_http_response_strict_transport_security_header_value": "",
            "routing_http_response_x_content_type_options_header_value": "",
            "routing_http_response_x_frame_options_header_value": "",
            "ssl_policy": "ELBSecurityPolicy-TLS13-1-2-2021-06",
            "tags": {},
            "tags_all": {},
            "tcp_idle_timeout_seconds": null,
            "timeouts": null
          },
          "sensitive_attributes": [],
          "identity_schema_version": 0,
          "private": "eyJlMmJmYjczMC1lY2FhLTExZTYtOGY4OC0zNDM2M2JjN2M0YzAiOnsiY3JlYXRlIjozMDAwMDAwMDAwMDAsInVwZGF0ZSI6MzAwMDAwMDAwMDAwfX0=",
          "dependencies": [
            "aws_acm_certificate.app",
            "aws_acm_certificate_validation.app",
            "aws_lb.app",
            "aws_lb_target_group.app",
            "aws_route53_record.cert_validation",
            "aws_security_group.alb",
            "data.aws_subnets.default",
            "data.aws_vpc.default"
          ]
        }
      ]
    },
    {
      "mode": "managed",
      "type": "aws_lb_target_group",
      "name": "app",
      "provider": "provider[\"registry.terraform.io/hashicorp/aws\"]",
      "instances": [
        {
          "schema_version": 0,
          "attributes": {
            "arn": "arn:aws:elasticloadbalancing:us-east-1:660999303853:targetgroup/atm-command-tg/89c4758e4dbb9688",
            "arn_suffix": "targetgroup/atm-command-tg/89c4758e4dbb9688",
            "connection_termination": null,
            "deregistration_delay": "300",
            "health_check": [
              {
                "enabled": true,
                "healthy_threshold": 2,
                "interval": 30,
                "matcher": "200",
                "path": "/api/healthz",
                "port": "traffic-port",
                "protocol": "HTTP",
                "timeout": 5,
                "unhealthy_threshold": 3
              }
            ],
            "id": "arn:aws:elasticloadbalancing:us-east-1:660999303853:targetgroup/atm-command-tg/89c4758e4dbb9688",
            "ip_address_type": "ipv4",
            "lambda_multi_value_headers_enabled": false,
            "load_balancer_arns": [
              "arn:aws:elasticloadbalancing:us-east-1:660999303853:loadbalancer/app/atm-command-alb/29ec9c2d23b25cc6"
            ],
            "load_balancing_algorithm_type": "round_robin",
            "load_balancing_anomaly_mitigation": "off",
            "load_balancing_cross_zone_enabled": "use_load_balancer_configuration",
            "name": "atm-command-tg",
            "name_prefix": "",
            "port": 3000,
            "preserve_client_ip": null,
            "protocol": "HTTP",
            "protocol_version": "HTTP1",
            "proxy_protocol_v2": false,
            "slow_start": 0,
            "stickiness": [
              {
                "cookie_duration": 86400,
                "cookie_name": "",
                "enabled": false,
                "type": "lb_cookie"
              }
            ],
            "tags": {
              "Name": "atm-command-tg"
            },
            "tags_all": {
              "Name": "atm-command-tg"
            },
            "target_failover": [
              {
                "on_deregistration": null,
                "on_unhealthy": null
              }
            ],
            "target_group_health": [
              {
                "dns_failover": [
                  {
                    "minimum_healthy_targets_count": "1",
                    "minimum_healthy_targets_percentage": "off"
                  }
                ],
                "unhealthy_state_routing": [
                  {
                    "minimum_healthy_targets_count": 1,
                    "minimum_healthy_targets_percentage": "off"
                  }
                ]
              }
            ],
            "target_health_state": [
              {
                "enable_unhealthy_connection_termination": null,
                "unhealthy_draining_interval": null
              }
            ],
            "target_type": "instance",
            "vpc_id": "vpc-0d9323c3030600f94"
          },
          "sensitive_attributes": [],
          "identity_schema_version": 0,
          "private": "bnVsbA==",
          "dependencies": [
            "data.aws_vpc.default"
          ]
        }
      ]
    },
    {
      "mode": "managed",
      "type": "aws_lb_target_group_attachment",
      "name": "app",
      "provider": "provider[\"registry.terraform.io/hashicorp/aws\"]",
      "instances": [
        {
          "schema_version": 0,
          "attributes": {
            "availability_zone": null,
            "id": "arn:aws:elasticloadbalancing:us-east-1:660999303853:targetgroup/atm-command-tg/89c4758e4dbb9688-20260505172518746400000002",
            "port": 3000,
            "target_group_arn": "arn:aws:elasticloadbalancing:us-east-1:660999303853:targetgroup/atm-command-tg/89c4758e4dbb9688",
            "target_id": "i-014f282223c5e7451"
          },
          "sensitive_attributes": [],
          "identity_schema_version": 0,
          "private": "bnVsbA==",
          "dependencies": [
            "aws_db_instance.postgres",
            "aws_db_subnet_group.postgres",
            "aws_instance.app",
            "aws_lb_target_group.app",
            "aws_security_group.alb",
            "aws_security_group.app",
            "aws_security_group.rds",
            "data.aws_ami.ubuntu",
            "data.aws_subnets.default",
            "data.aws_vpc.default"
          ]
        }
      ]
    },
    {
      "mode": "managed",
      "type": "aws_route53_record",
      "name": "app",
      "provider": "provider[\"registry.terraform.io/hashicorp/aws\"]",
      "instances": [
        {
          "schema_version": 2,
          "attributes": {
            "alias": [
              {
                "evaluate_target_health": true,
                "name": "atm-command-alb-56594102.us-east-1.elb.amazonaws.com",
                "zone_id": "Z35SXDOTRQ7X7K"
              }
            ],
            "allow_overwrite": null,
            "cidr_routing_policy": [],
            "failover_routing_policy": [],
            "fqdn": "atm.ciiatm.com",
            "geolocation_routing_policy": [],
            "geoproximity_routing_policy": [],
            "health_check_id": "",
            "id": "Z090355634R6QTTSUCUDZ_atm.ciiatm.com_A",
            "latency_routing_policy": [],
            "multivalue_answer_routing_policy": false,
            "name": "atm.ciiatm.com",
            "records": [],
            "set_identifier": "",
            "timeouts": null,
            "ttl": 0,
            "type": "A",
            "weighted_routing_policy": [],
            "zone_id": "Z090355634R6QTTSUCUDZ"
          },
          "sensitive_attributes": [],
          "identity_schema_version": 0,
          "private": "eyJlMmJmYjczMC1lY2FhLTExZTYtOGY4OC0zNDM2M2JjN2M0YzAiOnsiY3JlYXRlIjoxODAwMDAwMDAwMDAwLCJkZWxldGUiOjE4MDAwMDAwMDAwMDAsInVwZGF0ZSI6MTgwMDAwMDAwMDAwMH0sInNjaGVtYV92ZXJzaW9uIjoiMiJ9",
          "dependencies": [
            "aws_lb.app",
            "aws_security_group.alb",
            "data.aws_subnets.default",
            "data.aws_vpc.default"
          ]
        }
      ]
    },
    {
      "mode": "managed",
      "type": "aws_route53_record",
      "name": "cert_validation",
      "provider": "provider[\"registry.terraform.io/hashicorp/aws\"]",
      "instances": [
        {
          "index_key": "atm.ciiatm.com",
          "schema_version": 2,
          "attributes": {
            "alias": [],
            "allow_overwrite": true,
            "cidr_routing_policy": [],
            "failover_routing_policy": [],
            "fqdn": "_46b92a79195b5adfc0ad6b82b9907c31.atm.ciiatm.com",
            "geolocation_routing_policy": [],
            "geoproximity_routing_policy": [],
            "health_check_id": "",
            "id": "Z090355634R6QTTSUCUDZ__46b92a79195b5adfc0ad6b82b9907c31.atm.ciiatm.com._CNAME",
            "latency_routing_policy": [],
            "multivalue_answer_routing_policy": false,
            "name": "_46b92a79195b5adfc0ad6b82b9907c31.atm.ciiatm.com",
            "records": [
              "_0b25c43c28c1257f212bb35eeb44a9a1.jkddzztszm.acm-validations.aws."
            ],
            "set_identifier": "",
            "timeouts": null,
            "ttl": 60,
            "type": "CNAME",
            "weighted_routing_policy": [],
            "zone_id": "Z090355634R6QTTSUCUDZ"
          },
          "sensitive_attributes": [],
          "identity_schema_version": 0,
          "private": "eyJlMmJmYjczMC1lY2FhLTExZTYtOGY4OC0zNDM2M2JjN2M0YzAiOnsiY3JlYXRlIjoxODAwMDAwMDAwMDAwLCJkZWxldGUiOjE4MDAwMDAwMDAwMDAsInVwZGF0ZSI6MTgwMDAwMDAwMDAwMH0sInNjaGVtYV92ZXJzaW9uIjoiMiJ9",
          "dependencies": [
            "aws_acm_certificate.app"
          ]
        }
      ]
    },
    {
      "mode": "managed",
      "type": "aws_security_group",
      "name": "alb",
      "provider": "provider[\"registry.terraform.io/hashicorp/aws\"]",
      "instances": [
        {
          "schema_version": 1,
          "attributes": {
            "arn": "arn:aws:ec2:us-east-1:660999303853:security-group/sg-0a2b07e9cf726a906",
            "description": "ATM Command load balancer - public HTTP/HTTPS",
            "egress": [
              {
                "cidr_blocks": [
                  "0.0.0.0/0"
                ],
                "description": "",
                "from_port": 0,
                "ipv6_cidr_blocks": [],
                "prefix_list_ids": [],
                "protocol": "-1",
                "security_groups": [],
                "self": false,
                "to_port": 0
              }
            ],
            "id": "sg-0a2b07e9cf726a906",
            "ingress": [
              {
                "cidr_blocks": [
                  "0.0.0.0/0"
                ],
                "description": "HTTP",
                "from_port": 80,
                "ipv6_cidr_blocks": [],
                "prefix_list_ids": [],
                "protocol": "tcp",
                "security_groups": [],
                "self": false,
                "to_port": 80
              },
              {
                "cidr_blocks": [
                  "0.0.0.0/0"
                ],
                "description": "HTTPS",
                "from_port": 443,
                "ipv6_cidr_blocks": [],
                "prefix_list_ids": [],
                "protocol": "tcp",
                "security_groups": [],
                "self": false,
                "to_port": 443
              }
            ],
            "name": "atm-command-alb-sg",
            "name_prefix": "",
            "owner_id": "660999303853",
            "revoke_rules_on_delete": false,
            "tags": {
              "Name": "atm-command-alb-sg"
            },
            "tags_all": {
              "Name": "atm-command-alb-sg"
            },
            "timeouts": null,
            "vpc_id": "vpc-0d9323c3030600f94"
          },
          "sensitive_attributes": [],
          "identity_schema_version": 0,
          "private": "eyJlMmJmYjczMC1lY2FhLTExZTYtOGY4OC0zNDM2M2JjN2M0YzAiOnsiY3JlYXRlIjo2MDAwMDAwMDAwMDAsImRlbGV0ZSI6OTAwMDAwMDAwMDAwfSwic2NoZW1hX3ZlcnNpb24iOiIxIn0=",
          "dependencies": [
            "data.aws_vpc.default"
          ]
        }
      ]
    },
    {
      "mode": "managed",
      "type": "aws_security_group",
      "name": "app",
      "provider": "provider[\"registry.terraform.io/hashicorp/aws\"]",
      "instances": [
        {
          "schema_version": 1,
          "attributes": {
            "arn": "arn:aws:ec2:us-east-1:660999303853:security-group/sg-0911a5f16163299fc",
            "description": "ATM Command application server",
            "egress": [
              {
                "cidr_blocks": [
                  "0.0.0.0/0"
                ],
                "description": "",
                "from_port": 0,
                "ipv6_cidr_blocks": [],
                "prefix_list_ids": [],
                "protocol": "-1",
                "security_groups": [],
                "self": false,
                "to_port": 0
              }
            ],
            "id": "sg-0911a5f16163299fc",
            "ingress": [
              {
                "cidr_blocks": [
                  "0.0.0.0/0"
                ],
                "description": "SSH",
                "from_port": 22,
                "ipv6_cidr_blocks": [],
                "prefix_list_ids": [],
                "protocol": "tcp",
                "security_groups": [],
                "self": false,
                "to_port": 22
              },
              {
                "cidr_blocks": [],
                "description": "App port from ALB only",
                "from_port": 3000,
                "ipv6_cidr_blocks": [],
                "prefix_list_ids": [],
                "protocol": "tcp",
                "security_groups": [
                  "sg-0a2b07e9cf726a906"
                ],
                "self": false,
                "to_port": 3000
              }
            ],
            "name": "atm-command-app-sg",
            "name_prefix": "",
            "owner_id": "660999303853",
            "revoke_rules_on_delete": false,
            "tags": {
              "Name": "atm-command-app-sg"
            },
            "tags_all": {
              "Name": "atm-command-app-sg"
            },
            "timeouts": null,
            "vpc_id": "vpc-0d9323c3030600f94"
          },
          "sensitive_attributes": [],
          "identity_schema_version": 0,
          "private": "eyJlMmJmYjczMC1lY2FhLTExZTYtOGY4OC0zNDM2M2JjN2M0YzAiOnsiY3JlYXRlIjo2MDAwMDAwMDAwMDAsImRlbGV0ZSI6OTAwMDAwMDAwMDAwfSwic2NoZW1hX3ZlcnNpb24iOiIxIn0=",
          "dependencies": [
            "aws_security_group.alb",
            "data.aws_vpc.default"
          ]
        }
      ]
    },
    {
      "mode": "managed",
      "type": "aws_security_group",
      "name": "rds",
      "provider": "provider[\"registry.terraform.io/hashicorp/aws\"]",
      "instances": [
        {
          "schema_version": 1,
          "attributes": {
            "arn": "arn:aws:ec2:us-east-1:660999303853:security-group/sg-069d7c1d2d2ec1820",
            "description": "ATM Command RDS PostgreSQL",
            "egress": [
              {
                "cidr_blocks": [
                  "0.0.0.0/0"
                ],
                "description": "",
                "from_port": 0,
                "ipv6_cidr_blocks": [],
                "prefix_list_ids": [],
                "protocol": "-1",
                "security_groups": [],
                "self": false,
                "to_port": 0
              }
            ],
            "id": "sg-069d7c1d2d2ec1820",
            "ingress": [
              {
                "cidr_blocks": [],
                "description": "PostgreSQL from app server",
                "from_port": 5432,
                "ipv6_cidr_blocks": [],
                "prefix_list_ids": [],
                "protocol": "tcp",
                "security_groups": [
                  "sg-0911a5f16163299fc"
                ],
                "self": false,
                "to_port": 5432
              }
            ],
            "name": "atm-command-rds-sg",
            "name_prefix": "",
            "owner_id": "660999303853",
            "revoke_rules_on_delete": false,
            "tags": {
              "Name": "atm-command-rds-sg"
            },
            "tags_all": {
              "Name": "atm-command-rds-sg"
            },
            "timeouts": null,
            "vpc_id": "vpc-0d9323c3030600f94"
          },
          "sensitive_attributes": [],
          "identity_schema_version": 0,
          "private": "eyJlMmJmYjczMC1lY2FhLTExZTYtOGY4OC0zNDM2M2JjN2M0YzAiOnsiY3JlYXRlIjo2MDAwMDAwMDAwMDAsImRlbGV0ZSI6OTAwMDAwMDAwMDAwfSwic2NoZW1hX3ZlcnNpb24iOiIxIn0=",
          "dependencies": [
            "aws_security_group.alb",
            "aws_security_group.app",
            "data.aws_vpc.default"
          ]
        }
      ]
    }
  ],
  "check_results": null
}
